
Microsoft Visual Studio Solution File, Format Version 12.00
# Visual Studio Version 17
VisualStudioVersion = 17.12.35506.116
MinimumVisualStudioVersion = 10.0.40219.1
Project("{FAE04EC0-301F-11D3-BF4B-00C04F79EFBC}") = "Core", "Core\Core.csproj", "{6E2E2858-BA9C-42C3-B499-7A5B7C4FE76E}"
EndProject
Project("{FAE04EC0-301F-11D3-BF4B-00C04F79EFBC}") = "Infrastructure", "Infrastructure\Infrastructure.csproj", "{2ACCACC9-EA3B-443D-B40A-DE0BE53ED3F5}"
EndProject
Project("{FAE04EC0-301F-11D3-BF4B-00C04F79EFBC}") = "Application", "Application\Application.csproj", "{1A242764-60F4-4EAA-93C3-534F68579CEE}"
EndProject
Project("{2150E333-8FDC-42A3-9474-1A3956D46DE8}") = "Presentation", "Presentation", "{CC66035F-DCDD-4CA6-8330-8B99E05DB3EA}"
EndProject
Project("{FAE04EC0-301F-11D3-BF4B-00C04F79EFBC}") = "TicketProject", "Shop\TicketProject.csproj", "{5FCE370A-EDF2-41CB-BCF2-82E197AF86A5}"
EndProject
Project("{FAE04EC0-301F-11D3-BF4B-00C04F79EFBC}") = "IOC", "IOC\IOC.csproj", "{118E5ADC-B19B-44BB-9233-255C3EBEBB32}"
EndProject
Global
	GlobalSection(SolutionConfigurationPlatforms) = preSolution
		Debug|Any CPU = Debug|Any CPU
		Release|Any CPU = Release|Any CPU
	EndGlobalSection
	GlobalSection(ProjectConfigurationPlatforms) = postSolution
		{6E2E2858-BA9C-42C3-B499-7A5B7C4FE76E}.Debug|Any CPU.ActiveCfg = Debug|Any CPU
		{6E2E2858-BA9C-42C3-B499-7A5B7C4FE76E}.Debug|Any CPU.Build.0 = Debug|Any CPU
		{6E2E2858-BA9C-42C3-B499-7A5B7C4FE76E}.Release|Any CPU.ActiveCfg = Release|Any CPU
		{6E2E2858-BA9C-42C3-B499-7A5B7C4FE76E}.Release|Any CPU.Build.0 = Release|Any CPU
		{2ACCACC9-EA3B-443D-B40A-DE0BE53ED3F5}.Debug|Any CPU.ActiveCfg = Debug|Any CPU
		{2ACCACC9-EA3B-443D-B40A-DE0BE53ED3F5}.Debug|Any CPU.Build.0 = Debug|Any CPU
		{2ACCACC9-EA3B-443D-B40A-DE0BE53ED3F5}.Release|Any CPU.ActiveCfg = Release|Any CPU
		{2ACCACC9-EA3B-443D-B40A-DE0BE53ED3F5}.Release|Any CPU.Build.0 = Release|Any CPU
		{1A242764-60F4-4EAA-93C3-534F68579CEE}.Debug|Any CPU.ActiveCfg = Debug|Any CPU
		{1A242764-60F4-4EAA-93C3-534F68579CEE}.Debug|Any CPU.Build.0 = Debug|Any CPU
		{1A242764-60F4-4EAA-93C3-534F68579CEE}.Release|Any CPU.ActiveCfg = Release|Any CPU
		{1A242764-60F4-4EAA-93C3-534F68579CEE}.Release|Any CPU.Build.0 = Release|Any CPU
		{5FCE370A-EDF2-41CB-BCF2-82E197AF86A5}.Debug|Any CPU.ActiveCfg = Debug|Any CPU
		{5FCE370A-EDF2-41CB-BCF2-82E197AF86A5}.Debug|Any CPU.Build.0 = Debug|Any CPU
		{5FCE370A-EDF2-41CB-BCF2-82E197AF86A5}.Release|Any CPU.ActiveCfg = Release|Any CPU
		{5FCE370A-EDF2-41CB-BCF2-82E197AF86A5}.Release|Any CPU.Build.0 = Release|Any CPU
		{118E5ADC-B19B-44BB-9233-255C3EBEBB32}.Debug|Any CPU.ActiveCfg = Debug|Any CPU
		{118E5ADC-B19B-44BB-9233-255C3EBEBB32}.Debug|Any CPU.Build.0 = Debug|Any CPU
		{118E5ADC-B19B-44BB-9233-255C3EBEBB32}.Release|Any CPU.ActiveCfg = Release|Any CPU
		{118E5ADC-B19B-44BB-9233-255C3EBEBB32}.Release|Any CPU.Build.0 = Release|Any CPU
	EndGlobalSection
	GlobalSection(SolutionProperties) = preSolution
		HideSolutionNode = FALSE
	EndGlobalSection
	GlobalSection(NestedProjects) = preSolution
		{5FCE370A-EDF2-41CB-BCF2-82E197AF86A5} = {CC66035F-DCDD-4CA6-8330-8B99E05DB3EA}
	EndGlobalSection
	GlobalSection(ExtensibilityGlobals) = postSolution
		SolutionGuid = {F2F39036-7CE8-4C18-9EC5-C167FB1D00EC}
	EndGlobalSection
EndGlobal
